
Microsoft Visual Studio Solution File, Format Version 12.00
# Visual Studio Version 17
VisualStudioVersion = 17.13.35825.156 d17.13
MinimumVisualStudioVersion = 10.0.40219.1
Project("{2150E333-8FDC-42A3-9474-1A3956D46DE8}") = "Vectors", "Vectors", "{02EA681E-C7D8-13C7-8484-4AC65E1B71E8}"
EndProject
Project("{FAE04EC0-301F-11D3-BF4B-00C04F79EFBC}") = "Vectors_01", "vectors_01\Vectors_01.csproj", "{9A5C3328-DB61-4CAB-B337-1F14ABA5C5A9}"
EndProject
Project("{FAE04EC0-301F-11D3-BF4B-00C04F79EFBC}") = "Vectors_02", "Vectors_02\Vectors_02.csproj", "{DFA4B6E6-F7DB-4AD9-AFE2-5E9B19591127}"
EndProject
Project("{FAE04EC0-301F-11D3-BF4B-00C04F79EFBC}") = "Vectors_03", "Vectors_03\Vectors_03.csproj", "{4A2E5080-EEAC-4132-81B2-C69D487B8C26}"
EndProject
Project("{FAE04EC0-301F-11D3-BF4B-00C04F79EFBC}") = "Vectors_04", "Vectors_04\Vectors_04.csproj", "{56688882-D151-48E1-83AD-C9E439F76405}"
EndProject
Project("{FAE04EC0-301F-11D3-BF4B-00C04F79EFBC}") = "Vectors_05", "Vectors_05\Vectors_05.csproj", "{7BD55EBD-5841-488C-81FB-0FF95EAD27B1}"
EndProject
Project("{FAE04EC0-301F-11D3-BF4B-00C04F79EFBC}") = "Vectors_06", "Vectors_06\Vectors_06.csproj", "{D67D44D2-68F4-49EB-B6AC-EBE919F6BDEA}"
EndProject
Project("{FAE04EC0-301F-11D3-BF4B-00C04F79EFBC}") = "Vectors_07", "Vectors_07\Vectors_07.csproj", "{8EAFCAEB-E7EC-4847-900C-A706F8DA477C}"
EndProject
Project("{FAE04EC0-301F-11D3-BF4B-00C04F79EFBC}") = "Vectors_08", "Vectors_08\Vectors_08.csproj", "{D42D9CC9-9B0F-4BAF-9ACC-B9B6F5333311}"
EndProject
Project("{FAE04EC0-301F-11D3-BF4B-00C04F79EFBC}") = "Vectors_09", "Vectors_09\Vectors_09.csproj", "{D19BB66E-CC37-4BC1-86E6-DEF4B1FA13BC}"
EndProject
Project("{2150E333-8FDC-42A3-9474-1A3956D46DE8}") = "Matrices", "Matrices", "{50C90321-0299-4FB3-A6DB-E8A1C0A7B143}"
EndProject
Project("{FAE04EC0-301F-11D3-BF4B-00C04F79EFBC}") = "Matrices_01", "Matrices_01\Matrices_01.csproj", "{F59D2125-590B-4E7B-92F8-CD356E4D1D34}"
EndProject
Project("{FAE04EC0-301F-11D3-BF4B-00C04F79EFBC}") = "Matrices_02", "Matrices_02\Matrices_02.csproj", "{DE7BA463-E688-4263-8EC8-F4361CB6033D}"
EndProject
Project("{FAE04EC0-301F-11D3-BF4B-00C04F79EFBC}") = "Matrices_03", "Matrices_03\Matrices_03.csproj", "{B6E8358B-5BC2-4F34-AA3F-281C3B7C3B9F}"
EndProject
Project("{FAE04EC0-301F-11D3-BF4B-00C04F79EFBC}") = "Matrices_04", "Matrices_04\Matrices_04.csproj", "{08D6B010-CAE5-4D10-AD44-CF71F70905A7}"
EndProject
Project("{FAE04EC0-301F-11D3-BF4B-00C04F79EFBC}") = "Matrices_05", "Matrices_05\Matrices_05.csproj", "{9E044424-C35F-49CC-B6D3-C2AF1458C559}"
EndProject
Project("{FAE04EC0-301F-11D3-BF4B-00C04F79EFBC}") = "Matrices_06", "Matrices_06\Matrices_06.csproj", "{96CBCF17-E0DF-462D-A2BD-731DD431D1B8}"
EndProject
Project("{FAE04EC0-301F-11D3-BF4B-00C04F79EFBC}") = "Matrices_07", "Matrices_07\Matrices_07.csproj", "{083DA385-43E2-4D62-B44E-8C238ED7FAB2}"
EndProject
Project("{2150E333-8FDC-42A3-9474-1A3956D46DE8}") = "Queues", "Queues", "{F49F7C7A-4E7A-4532-8AF7-5EB24F7E9BF6}"
EndProject
Project("{FAE04EC0-301F-11D3-BF4B-00C04F79EFBC}") = "Queues_01", "Queues_01\Queues_01.csproj", "{DC5EB4B8-7859-48AB-BAA1-D393F008B191}"
EndProject
Project("{2150E333-8FDC-42A3-9474-1A3956D46DE8}") = "List", "List", "{D747967C-9098-4B53-911A-056B7B52AC0C}"
EndProject
Project("{FAE04EC0-301F-11D3-BF4B-00C04F79EFBC}") = "Dynamic_List", "Dynamic_List\Dynamic_List.csproj", "{B5E0433B-DE47-41F5-9A14-576B209557D3}"
EndProject
Project("{FAE04EC0-301F-11D3-BF4B-00C04F79EFBC}") = "PointerList", "PointerList\PointerList.csproj", "{33F9E201-377B-45BC-B23F-B8D4A5DCDBFF}"
EndProject
Project("{FAE04EC0-301F-11D3-BF4B-00C04F79EFBC}") = "StaticList", "StaticList\StaticList.csproj", "{1FBEC1BA-F914-4D46-A1D0-0CC963D6CE41}"
EndProject
Project("{2150E333-8FDC-42A3-9474-1A3956D46DE8}") = "Battery", "Battery", "{B99C6EF2-926D-4348-A57E-E8534DD6A444}"
EndProject
Project("{FAE04EC0-301F-11D3-BF4B-00C04F79EFBC}") = "Battery_01", "Battery_01\Battery_01.csproj", "{33602511-1407-4CB0-BB02-8C249B31B089}"
EndProject
Project("{FAE04EC0-301F-11D3-BF4B-00C04F79EFBC}") = "Battery_02", "Battery_02\Battery_02.csproj", "{EEA75D4B-B355-4B08-A928-8D74FBC96E19}"
EndProject
Project("{FAE04EC0-301F-11D3-BF4B-00C04F79EFBC}") = "Battery_03", "Battery_03\Battery_03.csproj", "{33C904F3-7D30-4244-9FBF-C6B3B36CF299}"
EndProject
Project("{2150E333-8FDC-42A3-9474-1A3956D46DE8}") = "DataSearch", "DataSearch", "{88B5E1F2-F690-4818-9C2D-C76D06C9DADC}"
EndProject
Project("{FAE04EC0-301F-11D3-BF4B-00C04F79EFBC}") = "DataSearchStatic", "DataSearchStatic\DataSearchStatic.csproj", "{9DC4C8C8-F9B0-4249-86C6-D85958924A57}"
EndProject
Global
	GlobalSection(SolutionConfigurationPlatforms) = preSolution
		Debug|Any CPU = Debug|Any CPU
		Release|Any CPU = Release|Any CPU
	EndGlobalSection
	GlobalSection(ProjectConfigurationPlatforms) = postSolution
		{9A5C3328-DB61-4CAB-B337-1F14ABA5C5A9}.Debug|Any CPU.ActiveCfg = Debug|Any CPU
		{9A5C3328-DB61-4CAB-B337-1F14ABA5C5A9}.Debug|Any CPU.Build.0 = Debug|Any CPU
		{9A5C3328-DB61-4CAB-B337-1F14ABA5C5A9}.Release|Any CPU.ActiveCfg = Release|Any CPU
		{9A5C3328-DB61-4CAB-B337-1F14ABA5C5A9}.Release|Any CPU.Build.0 = Release|Any CPU
		{DFA4B6E6-F7DB-4AD9-AFE2-5E9B19591127}.Debug|Any CPU.ActiveCfg = Debug|Any CPU
		{DFA4B6E6-F7DB-4AD9-AFE2-5E9B19591127}.Debug|Any CPU.Build.0 = Debug|Any CPU
		{DFA4B6E6-F7DB-4AD9-AFE2-5E9B19591127}.Release|Any CPU.ActiveCfg = Release|Any CPU
		{DFA4B6E6-F7DB-4AD9-AFE2-5E9B19591127}.Release|Any CPU.Build.0 = Release|Any CPU
		{4A2E5080-EEAC-4132-81B2-C69D487B8C26}.Debug|Any CPU.ActiveCfg = Debug|Any CPU
		{4A2E5080-EEAC-4132-81B2-C69D487B8C26}.Debug|Any CPU.Build.0 = Debug|Any CPU
		{4A2E5080-EEAC-4132-81B2-C69D487B8C26}.Release|Any CPU.ActiveCfg = Release|Any CPU
		{4A2E5080-EEAC-4132-81B2-C69D487B8C26}.Release|Any CPU.Build.0 = Release|Any CPU
		{56688882-D151-48E1-83AD-C9E439F76405}.Debug|Any CPU.ActiveCfg = Debug|Any CPU
		{56688882-D151-48E1-83AD-C9E439F76405}.Debug|Any CPU.Build.0 = Debug|Any CPU
		{56688882-D151-48E1-83AD-C9E439F76405}.Release|Any CPU.ActiveCfg = Release|Any CPU
		{56688882-D151-48E1-83AD-C9E439F76405}.Release|Any CPU.Build.0 = Release|Any CPU
		{7BD55EBD-5841-488C-81FB-0FF95EAD27B1}.Debug|Any CPU.ActiveCfg = Debug|Any CPU
		{7BD55EBD-5841-488C-81FB-0FF95EAD27B1}.Debug|Any CPU.Build.0 = Debug|Any CPU
		{7BD55EBD-5841-488C-81FB-0FF95EAD27B1}.Release|Any CPU.ActiveCfg = Release|Any CPU
		{7BD55EBD-5841-488C-81FB-0FF95EAD27B1}.Release|Any CPU.Build.0 = Release|Any CPU
		{D67D44D2-68F4-49EB-B6AC-EBE919F6BDEA}.Debug|Any CPU.ActiveCfg = Debug|Any CPU
		{D67D44D2-68F4-49EB-B6AC-EBE919F6BDEA}.Debug|Any CPU.Build.0 = Debug|Any CPU
		{D67D44D2-68F4-49EB-B6AC-EBE919F6BDEA}.Release|Any CPU.ActiveCfg = Release|Any CPU
		{D67D44D2-68F4-49EB-B6AC-EBE919F6BDEA}.Release|Any CPU.Build.0 = Release|Any CPU
		{8EAFCAEB-E7EC-4847-900C-A706F8DA477C}.Debug|Any CPU.ActiveCfg = Debug|Any CPU
		{8EAFCAEB-E7EC-4847-900C-A706F8DA477C}.Debug|Any CPU.Build.0 = Debug|Any CPU
		{8EAFCAEB-E7EC-4847-900C-A706F8DA477C}.Release|Any CPU.ActiveCfg = Release|Any CPU
		{8EAFCAEB-E7EC-4847-900C-A706F8DA477C}.Release|Any CPU.Build.0 = Release|Any CPU
		{D42D9CC9-9B0F-4BAF-9ACC-B9B6F5333311}.Debug|Any CPU.ActiveCfg = Debug|Any CPU
		{D42D9CC9-9B0F-4BAF-9ACC-B9B6F5333311}.Debug|Any CPU.Build.0 = Debug|Any CPU
		{D42D9CC9-9B0F-4BAF-9ACC-B9B6F5333311}.Release|Any CPU.ActiveCfg = Release|Any CPU
		{D42D9CC9-9B0F-4BAF-9ACC-B9B6F5333311}.Release|Any CPU.Build.0 = Release|Any CPU
		{D19BB66E-CC37-4BC1-86E6-DEF4B1FA13BC}.Debug|Any CPU.ActiveCfg = Debug|Any CPU
		{D19BB66E-CC37-4BC1-86E6-DEF4B1FA13BC}.Debug|Any CPU.Build.0 = Debug|Any CPU
		{D19BB66E-CC37-4BC1-86E6-DEF4B1FA13BC}.Release|Any CPU.ActiveCfg = Release|Any CPU
		{D19BB66E-CC37-4BC1-86E6-DEF4B1FA13BC}.Release|Any CPU.Build.0 = Release|Any CPU
		{F59D2125-590B-4E7B-92F8-CD356E4D1D34}.Debug|Any CPU.ActiveCfg = Debug|Any CPU
		{F59D2125-590B-4E7B-92F8-CD356E4D1D34}.Debug|Any CPU.Build.0 = Debug|Any CPU
		{F59D2125-590B-4E7B-92F8-CD356E4D1D34}.Release|Any CPU.ActiveCfg = Release|Any CPU
		{F59D2125-590B-4E7B-92F8-CD356E4D1D34}.Release|Any CPU.Build.0 = Release|Any CPU
		{DE7BA463-E688-4263-8EC8-F4361CB6033D}.Debug|Any CPU.ActiveCfg = Debug|Any CPU
		{DE7BA463-E688-4263-8EC8-F4361CB6033D}.Debug|Any CPU.Build.0 = Debug|Any CPU
		{DE7BA463-E688-4263-8EC8-F4361CB6033D}.Release|Any CPU.ActiveCfg = Release|Any CPU
		{DE7BA463-E688-4263-8EC8-F4361CB6033D}.Release|Any CPU.Build.0 = Release|Any CPU
		{B6E8358B-5BC2-4F34-AA3F-281C3B7C3B9F}.Debug|Any CPU.ActiveCfg = Debug|Any CPU
		{B6E8358B-5BC2-4F34-AA3F-281C3B7C3B9F}.Debug|Any CPU.Build.0 = Debug|Any CPU
		{B6E8358B-5BC2-4F34-AA3F-281C3B7C3B9F}.Release|Any CPU.ActiveCfg = Release|Any CPU
		{B6E8358B-5BC2-4F34-AA3F-281C3B7C3B9F}.Release|Any CPU.Build.0 = Release|Any CPU
		{08D6B010-CAE5-4D10-AD44-CF71F70905A7}.Debug|Any CPU.ActiveCfg = Debug|Any CPU
		{08D6B010-CAE5-4D10-AD44-CF71F70905A7}.Debug|Any CPU.Build.0 = Debug|Any CPU
		{08D6B010-CAE5-4D10-AD44-CF71F70905A7}.Release|Any CPU.ActiveCfg = Release|Any CPU
		{08D6B010-CAE5-4D10-AD44-CF71F70905A7}.Release|Any CPU.Build.0 = Release|Any CPU
		{9E044424-C35F-49CC-B6D3-C2AF1458C559}.Debug|Any CPU.ActiveCfg = Debug|Any CPU
		{9E044424-C35F-49CC-B6D3-C2AF1458C559}.Debug|Any CPU.Build.0 = Debug|Any CPU
		{9E044424-C35F-49CC-B6D3-C2AF1458C559}.Release|Any CPU.ActiveCfg = Release|Any CPU
		{9E044424-C35F-49CC-B6D3-C2AF1458C559}.Release|Any CPU.Build.0 = Release|Any CPU
		{96CBCF17-E0DF-462D-A2BD-731DD431D1B8}.Debug|Any CPU.ActiveCfg = Debug|Any CPU
		{96CBCF17-E0DF-462D-A2BD-731DD431D1B8}.Debug|Any CPU.Build.0 = Debug|Any CPU
		{96CBCF17-E0DF-462D-A2BD-731DD431D1B8}.Release|Any CPU.ActiveCfg = Release|Any CPU
		{96CBCF17-E0DF-462D-A2BD-731DD431D1B8}.Release|Any CPU.Build.0 = Release|Any CPU
		{083DA385-43E2-4D62-B44E-8C238ED7FAB2}.Debug|Any CPU.ActiveCfg = Debug|Any CPU
		{083DA385-43E2-4D62-B44E-8C238ED7FAB2}.Debug|Any CPU.Build.0 = Debug|Any CPU
		{083DA385-43E2-4D62-B44E-8C238ED7FAB2}.Release|Any CPU.ActiveCfg = Release|Any CPU
		{083DA385-43E2-4D62-B44E-8C238ED7FAB2}.Release|Any CPU.Build.0 = Release|Any CPU
		{DC5EB4B8-7859-48AB-BAA1-D393F008B191}.Debug|Any CPU.ActiveCfg = Debug|Any CPU
		{DC5EB4B8-7859-48AB-BAA1-D393F008B191}.Debug|Any CPU.Build.0 = Debug|Any CPU
		{DC5EB4B8-7859-48AB-BAA1-D393F008B191}.Release|Any CPU.ActiveCfg = Release|Any CPU
		{DC5EB4B8-7859-48AB-BAA1-D393F008B191}.Release|Any CPU.Build.0 = Release|Any CPU
		{B5E0433B-DE47-41F5-9A14-576B209557D3}.Debug|Any CPU.ActiveCfg = Debug|Any CPU
		{B5E0433B-DE47-41F5-9A14-576B209557D3}.Debug|Any CPU.Build.0 = Debug|Any CPU
		{B5E0433B-DE47-41F5-9A14-576B209557D3}.Release|Any CPU.ActiveCfg = Release|Any CPU
		{B5E0433B-DE47-41F5-9A14-576B209557D3}.Release|Any CPU.Build.0 = Release|Any CPU
		{33F9E201-377B-45BC-B23F-B8D4A5DCDBFF}.Debug|Any CPU.ActiveCfg = Debug|Any CPU
		{33F9E201-377B-45BC-B23F-B8D4A5DCDBFF}.Debug|Any CPU.Build.0 = Debug|Any CPU
		{33F9E201-377B-45BC-B23F-B8D4A5DCDBFF}.Release|Any CPU.ActiveCfg = Release|Any CPU
		{33F9E201-377B-45BC-B23F-B8D4A5DCDBFF}.Release|Any CPU.Build.0 = Release|Any CPU
		{1FBEC1BA-F914-4D46-A1D0-0CC963D6CE41}.Debug|Any CPU.ActiveCfg = Debug|Any CPU
		{1FBEC1BA-F914-4D46-A1D0-0CC963D6CE41}.Debug|Any CPU.Build.0 = Debug|Any CPU
		{1FBEC1BA-F914-4D46-A1D0-0CC963D6CE41}.Release|Any CPU.ActiveCfg = Release|Any CPU
		{1FBEC1BA-F914-4D46-A1D0-0CC963D6CE41}.Release|Any CPU.Build.0 = Release|Any CPU
		{33602511-1407-4CB0-BB02-8C249B31B089}.Debug|Any CPU.ActiveCfg = Debug|Any CPU
		{33602511-1407-4CB0-BB02-8C249B31B089}.Debug|Any CPU.Build.0 = Debug|Any CPU
		{33602511-1407-4CB0-BB02-8C249B31B089}.Release|Any CPU.ActiveCfg = Release|Any CPU
		{33602511-1407-4CB0-BB02-8C249B31B089}.Release|Any CPU.Build.0 = Release|Any CPU
		{EEA75D4B-B355-4B08-A928-8D74FBC96E19}.Debug|Any CPU.ActiveCfg = Debug|Any CPU
		{EEA75D4B-B355-4B08-A928-8D74FBC96E19}.Debug|Any CPU.Build.0 = Debug|Any CPU
		{EEA75D4B-B355-4B08-A928-8D74FBC96E19}.Release|Any CPU.ActiveCfg = Release|Any CPU
		{EEA75D4B-B355-4B08-A928-8D74FBC96E19}.Release|Any CPU.Build.0 = Release|Any CPU
		{33C904F3-7D30-4244-9FBF-C6B3B36CF299}.Debug|Any CPU.ActiveCfg = Debug|Any CPU
		{33C904F3-7D30-4244-9FBF-C6B3B36CF299}.Debug|Any CPU.Build.0 = Debug|Any CPU
		{33C904F3-7D30-4244-9FBF-C6B3B36CF299}.Release|Any CPU.ActiveCfg = Release|Any CPU
		{33C904F3-7D30-4244-9FBF-C6B3B36CF299}.Release|Any CPU.Build.0 = Release|Any CPU
		{9DC4C8C8-F9B0-4249-86C6-D85958924A57}.Debug|Any CPU.ActiveCfg = Debug|Any CPU
		{9DC4C8C8-F9B0-4249-86C6-D85958924A57}.Debug|Any CPU.Build.0 = Debug|Any CPU
		{9DC4C8C8-F9B0-4249-86C6-D85958924A57}.Release|Any CPU.ActiveCfg = Release|Any CPU
		{9DC4C8C8-F9B0-4249-86C6-D85958924A57}.Release|Any CPU.Build.0 = Release|Any CPU
	EndGlobalSection
	GlobalSection(SolutionProperties) = preSolution
		HideSolutionNode = FALSE
	EndGlobalSection
	GlobalSection(NestedProjects) = preSolution
		{9A5C3328-DB61-4CAB-B337-1F14ABA5C5A9} = {02EA681E-C7D8-13C7-8484-4AC65E1B71E8}
		{DFA4B6E6-F7DB-4AD9-AFE2-5E9B19591127} = {02EA681E-C7D8-13C7-8484-4AC65E1B71E8}
		{4A2E5080-EEAC-4132-81B2-C69D487B8C26} = {02EA681E-C7D8-13C7-8484-4AC65E1B71E8}
		{56688882-D151-48E1-83AD-C9E439F76405} = {02EA681E-C7D8-13C7-8484-4AC65E1B71E8}
		{7BD55EBD-5841-488C-81FB-0FF95EAD27B1} = {02EA681E-C7D8-13C7-8484-4AC65E1B71E8}
		{D67D44D2-68F4-49EB-B6AC-EBE919F6BDEA} = {02EA681E-C7D8-13C7-8484-4AC65E1B71E8}
		{8EAFCAEB-E7EC-4847-900C-A706F8DA477C} = {02EA681E-C7D8-13C7-8484-4AC65E1B71E8}
		{D42D9CC9-9B0F-4BAF-9ACC-B9B6F5333311} = {02EA681E-C7D8-13C7-8484-4AC65E1B71E8}
		{D19BB66E-CC37-4BC1-86E6-DEF4B1FA13BC} = {02EA681E-C7D8-13C7-8484-4AC65E1B71E8}
		{F59D2125-590B-4E7B-92F8-CD356E4D1D34} = {50C90321-0299-4FB3-A6DB-E8A1C0A7B143}
		{DE7BA463-E688-4263-8EC8-F4361CB6033D} = {50C90321-0299-4FB3-A6DB-E8A1C0A7B143}
		{B6E8358B-5BC2-4F34-AA3F-281C3B7C3B9F} = {50C90321-0299-4FB3-A6DB-E8A1C0A7B143}
		{08D6B010-CAE5-4D10-AD44-CF71F70905A7} = {50C90321-0299-4FB3-A6DB-E8A1C0A7B143}
		{9E044424-C35F-49CC-B6D3-C2AF1458C559} = {50C90321-0299-4FB3-A6DB-E8A1C0A7B143}
		{96CBCF17-E0DF-462D-A2BD-731DD431D1B8} = {50C90321-0299-4FB3-A6DB-E8A1C0A7B143}
		{083DA385-43E2-4D62-B44E-8C238ED7FAB2} = {50C90321-0299-4FB3-A6DB-E8A1C0A7B143}
		{DC5EB4B8-7859-48AB-BAA1-D393F008B191} = {F49F7C7A-4E7A-4532-8AF7-5EB24F7E9BF6}
		{B5E0433B-DE47-41F5-9A14-576B209557D3} = {D747967C-9098-4B53-911A-056B7B52AC0C}
		{33F9E201-377B-45BC-B23F-B8D4A5DCDBFF} = {D747967C-9098-4B53-911A-056B7B52AC0C}
		{1FBEC1BA-F914-4D46-A1D0-0CC963D6CE41} = {D747967C-9098-4B53-911A-056B7B52AC0C}
		{33602511-1407-4CB0-BB02-8C249B31B089} = {B99C6EF2-926D-4348-A57E-E8534DD6A444}
		{EEA75D4B-B355-4B08-A928-8D74FBC96E19} = {B99C6EF2-926D-4348-A57E-E8534DD6A444}
		{33C904F3-7D30-4244-9FBF-C6B3B36CF299} = {B99C6EF2-926D-4348-A57E-E8534DD6A444}
		{9DC4C8C8-F9B0-4249-86C6-D85958924A57} = {88B5E1F2-F690-4818-9C2D-C76D06C9DADC}
	EndGlobalSection
	GlobalSection(ExtensibilityGlobals) = postSolution
		SolutionGuid = {C15AD3FE-3805-4120-827D-5D605749FC30}
	EndGlobalSection
EndGlobal
